
Microsoft Visual Studio Solution File, Format Version 12.00
# Visual Studio Version 17
VisualStudioVersion = 17.0.31903.59
MinimumVisualStudioVersion = 10.0.40219.1
Project("{2150E333-8FDC-42A3-9474-1A3956D46DE8}") = "src", "src", "{827E0CD3-B72D-47B6-A68D-7590B98EB39B}"
EndProject
Project("{FAE04EC0-301F-11D3-BF4B-00C04F79EFBC}") = "Codex.Plugin.Abstractions", "src\Codex.Plugin.Abstractions\Codex.Plugin.Abstractions.csproj", "{78DC6AC0-2354-4CAF-B019-5A9D6325A028}"
EndProject
Project("{FAE04EC0-301F-11D3-BF4B-00C04F79EFBC}") = "Codex.Core", "src\Codex.Core\Codex.Core.csproj", "{27C20951-79B8-4DFF-AA43-A429C71A8F75}"
EndProject
Project("{FAE04EC0-301F-11D3-BF4B-00C04F79EFBC}") = "Codex.Persistence", "src\Codex.Persistence\Codex.Persistence.csproj", "{688E930D-7C75-436A-8DDB-0F8DC99E705E}"
EndProject
Project("{FAE04EC0-301F-11D3-BF4B-00C04F79EFBC}") = "Codex.Systems.DnD5e", "src\Codex.Systems.DnD5e\Codex.Systems.DnD5e.csproj", "{51EEE05D-4A1B-443D-AB10-C215FEE08F3B}"
EndProject
Project("{FAE04EC0-301F-11D3-BF4B-00C04F79EFBC}") = "Codex.Systems.SWFFG", "src\Codex.Systems.SWFFG\Codex.Systems.SWFFG.csproj", "{C89FD2F2-F5C8-4860-95AE-BA54F28BD4C6}"
EndProject
Project("{FAE04EC0-301F-11D3-BF4B-00C04F79EFBC}") = "Codex.Web", "src\Codex.Web\Codex.Web.csproj", "{427765CE-FFBF-4A93-9783-255655E22614}"
EndProject
Project("{2150E333-8FDC-42A3-9474-1A3956D46DE8}") = "tests", "tests", "{0AB3BF05-4346-4AA6-1389-037BE0695223}"
EndProject
Project("{FAE04EC0-301F-11D3-BF4B-00C04F79EFBC}") = "Codex.Tests", "tests\Codex.Tests\Codex.Tests.csproj", "{68138CED-12F4-4727-9248-C3D5E76E4CC9}"
EndProject
Global
	GlobalSection(SolutionConfigurationPlatforms) = preSolution
		Debug|Any CPU = Debug|Any CPU
		Debug|x64 = Debug|x64
		Debug|x86 = Debug|x86
		Release|Any CPU = Release|Any CPU
		Release|x64 = Release|x64
		Release|x86 = Release|x86
	EndGlobalSection
	GlobalSection(ProjectConfigurationPlatforms) = postSolution
		{78DC6AC0-2354-4CAF-B019-5A9D6325A028}.Debug|Any CPU.ActiveCfg = Debug|Any CPU
		{78DC6AC0-2354-4CAF-B019-5A9D6325A028}.Debug|Any CPU.Build.0 = Debug|Any CPU
		{78DC6AC0-2354-4CAF-B019-5A9D6325A028}.Debug|x64.ActiveCfg = Debug|Any CPU
		{78DC6AC0-2354-4CAF-B019-5A9D6325A028}.Debug|x64.Build.0 = Debug|Any CPU
		{78DC6AC0-2354-4CAF-B019-5A9D6325A028}.Debug|x86.ActiveCfg = Debug|Any CPU
		{78DC6AC0-2354-4CAF-B019-5A9D6325A028}.Debug|x86.Build.0 = Debug|Any CPU
		{78DC6AC0-2354-4CAF-B019-5A9D6325A028}.Release|Any CPU.ActiveCfg = Release|Any CPU
		{78DC6AC0-2354-4CAF-B019-5A9D6325A028}.Release|Any CPU.Build.0 = Release|Any CPU
		{78DC6AC0-2354-4CAF-B019-5A9D6325A028}.Release|x64.ActiveCfg = Release|Any CPU
		{78DC6AC0-2354-4CAF-B019-5A9D6325A028}.Release|x64.Build.0 = Release|Any CPU
		{78DC6AC0-2354-4CAF-B019-5A9D6325A028}.Release|x86.ActiveCfg = Release|Any CPU
		{78DC6AC0-2354-4CAF-B019-5A9D6325A028}.Release|x86.Build.0 = Release|Any CPU
		{27C20951-79B8-4DFF-AA43-A429C71A8F75}.Debug|Any CPU.ActiveCfg = Debug|Any CPU
		{27C20951-79B8-4DFF-AA43-A429C71A8F75}.Debug|Any CPU.Build.0 = Debug|Any CPU
		{27C20951-79B8-4DFF-AA43-A429C71A8F75}.Debug|x64.ActiveCfg = Debug|Any CPU
		{27C20951-79B8-4DFF-AA43-A429C71A8F75}.Debug|x64.Build.0 = Debug|Any CPU
		{27C20951-79B8-4DFF-AA43-A429C71A8F75}.Debug|x86.ActiveCfg = Debug|Any CPU
		{27C20951-79B8-4DFF-AA43-A429C71A8F75}.Debug|x86.Build.0 = Debug|Any CPU
		{27C20951-79B8-4DFF-AA43-A429C71A8F75}.Release|Any CPU.ActiveCfg = Release|Any CPU
		{27C20951-79B8-4DFF-AA43-A429C71A8F75}.Release|Any CPU.Build.0 = Release|Any CPU
		{27C20951-79B8-4DFF-AA43-A429C71A8F75}.Release|x64.ActiveCfg = Release|Any CPU
		{27C20951-79B8-4DFF-AA43-A429C71A8F75}.Release|x64.Build.0 = Release|Any CPU
		{27C20951-79B8-4DFF-AA43-A429C71A8F75}.Release|x86.ActiveCfg = Release|Any CPU
		{27C20951-79B8-4DFF-AA43-A429C71A8F75}.Release|x86.Build.0 = Release|Any CPU
		{688E930D-7C75-436A-8DDB-0F8DC99E705E}.Debug|Any CPU.ActiveCfg = Debug|Any CPU
		{688E930D-7C75-436A-8DDB-0F8DC99E705E}.Debug|Any CPU.Build.0 = Debug|Any CPU
		{688E930D-7C75-436A-8DDB-0F8DC99E705E}.Debug|x64.ActiveCfg = Debug|Any CPU
		{688E930D-7C75-436A-8DDB-0F8DC99E705E}.Debug|x64.Build.0 = Debug|Any CPU
		{688E930D-7C75-436A-8DDB-0F8DC99E705E}.Debug|x86.ActiveCfg = Debug|Any CPU
		{688E930D-7C75-436A-8DDB-0F8DC99E705E}.Debug|x86.Build.0 = Debug|Any CPU
		{688E930D-7C75-436A-8DDB-0F8DC99E705E}.Release|Any CPU.ActiveCfg = Release|Any CPU
		{688E930D-7C75-436A-8DDB-0F8DC99E705E}.Release|Any CPU.Build.0 = Release|Any CPU
		{688E930D-7C75-436A-8DDB-0F8DC99E705E}.Release|x64.ActiveCfg = Release|Any CPU
		{688E930D-7C75-436A-8DDB-0F8DC99E705E}.Release|x64.Build.0 = Release|Any CPU
		{688E930D-7C75-436A-8DDB-0F8DC99E705E}.Release|x86.ActiveCfg = Release|Any CPU
		{688E930D-7C75-436A-8DDB-0F8DC99E705E}.Release|x86.Build.0 = Release|Any CPU
		{51EEE05D-4A1B-443D-AB10-C215FEE08F3B}.Debug|Any CPU.ActiveCfg = Debug|Any CPU
		{51EEE05D-4A1B-443D-AB10-C215FEE08F3B}.Debug|Any CPU.Build.0 = Debug|Any CPU
		{51EEE05D-4A1B-443D-AB10-C215FEE08F3B}.Debug|x64.ActiveCfg = Debug|Any CPU
		{51EEE05D-4A1B-443D-AB10-C215FEE08F3B}.Debug|x64.Build.0 = Debug|Any CPU
		{51EEE05D-4A1B-443D-AB10-C215FEE08F3B}.Debug|x86.ActiveCfg = Debug|Any CPU
		{51EEE05D-4A1B-443D-AB10-C215FEE08F3B}.Debug|x86.Build.0 = Debug|Any CPU
		{51EEE05D-4A1B-443D-AB10-C215FEE08F3B}.Release|Any CPU.ActiveCfg = Release|Any CPU
		{51EEE05D-4A1B-443D-AB10-C215FEE08F3B}.Release|Any CPU.Build.0 = Release|Any CPU
		{51EEE05D-4A1B-443D-AB10-C215FEE08F3B}.Release|x64.ActiveCfg = Release|Any CPU
		{51EEE05D-4A1B-443D-AB10-C215FEE08F3B}.Release|x64.Build.0 = Release|Any CPU
		{51EEE05D-4A1B-443D-AB10-C215FEE08F3B}.Release|x86.ActiveCfg = Release|Any CPU
		{51EEE05D-4A1B-443D-AB10-C215FEE08F3B}.Release|x86.Build.0 = Release|Any CPU
		{C89FD2F2-F5C8-4860-95AE-BA54F28BD4C6}.Debug|Any CPU.ActiveCfg = Debug|Any CPU
		{C89FD2F2-F5C8-4860-95AE-BA54F28BD4C6}.Debug|Any CPU.Build.0 = Debug|Any CPU
		{C89FD2F2-F5C8-4860-95AE-BA54F28BD4C6}.Debug|x64.ActiveCfg = Debug|Any CPU
		{C89FD2F2-F5C8-4860-95AE-BA54F28BD4C6}.Debug|x64.Build.0 = Debug|Any CPU
		{C89FD2F2-F5C8-4860-95AE-BA54F28BD4C6}.Debug|x86.ActiveCfg = Debug|Any CPU
		{C89FD2F2-F5C8-4860-95AE-BA54F28BD4C6}.Debug|x86.Build.0 = Debug|Any CPU
		{C89FD2F2-F5C8-4860-95AE-BA54F28BD4C6}.Release|Any CPU.ActiveCfg = Release|Any CPU
		{C89FD2F2-F5C8-4860-95AE-BA54F28BD4C6}.Release|Any CPU.Build.0 = Release|Any CPU
		{C89FD2F2-F5C8-4860-95AE-BA54F28BD4C6}.Release|x64.ActiveCfg = Release|Any CPU
		{C89FD2F2-F5C8-4860-95AE-BA54F28BD4C6}.Release|x64.Build.0 = Release|Any CPU
		{C89FD2F2-F5C8-4860-95AE-BA54F28BD4C6}.Release|x86.ActiveCfg = Release|Any CPU
		{C89FD2F2-F5C8-4860-95AE-BA54F28BD4C6}.Release|x86.Build.0 = Release|Any CPU
		{427765CE-FFBF-4A93-9783-255655E22614}.Debug|Any CPU.ActiveCfg = Debug|Any CPU
		{427765CE-FFBF-4A93-9783-255655E22614}.Debug|Any CPU.Build.0 = Debug|Any CPU
		{427765CE-FFBF-4A93-9783-255655E22614}.Debug|x64.ActiveCfg = Debug|Any CPU
		{427765CE-FFBF-4A93-9783-255655E22614}.Debug|x64.Build.0 = Debug|Any CPU
		{427765CE-FFBF-4A93-9783-255655E22614}.Debug|x86.ActiveCfg = Debug|Any CPU
		{427765CE-FFBF-4A93-9783-255655E22614}.Debug|x86.Build.0 = Debug|Any CPU
		{427765CE-FFBF-4A93-9783-255655E22614}.Release|Any CPU.ActiveCfg = Release|Any CPU
		{427765CE-FFBF-4A93-9783-255655E22614}.Release|Any CPU.Build.0 = Release|Any CPU
		{427765CE-FFBF-4A93-9783-255655E22614}.Release|x64.ActiveCfg = Release|Any CPU
		{427765CE-FFBF-4A93-9783-255655E22614}.Release|x64.Build.0 = Release|Any CPU
		{427765CE-FFBF-4A93-9783-255655E22614}.Release|x86.ActiveCfg = Release|Any CPU
		{427765CE-FFBF-4A93-9783-255655E22614}.Release|x86.Build.0 = Release|Any CPU
		{68138CED-12F4-4727-9248-C3D5E76E4CC9}.Debug|Any CPU.ActiveCfg = Debug|Any CPU
		{68138CED-12F4-4727-9248-C3D5E76E4CC9}.Debug|Any CPU.Build.0 = Debug|Any CPU
		{68138CED-12F4-4727-9248-C3D5E76E4CC9}.Debug|x64.ActiveCfg = Debug|Any CPU
		{68138CED-12F4-4727-9248-C3D5E76E4CC9}.Debug|x64.Build.0 = Debug|Any CPU
		{68138CED-12F4-4727-9248-C3D5E76E4CC9}.Debug|x86.ActiveCfg = Debug|Any CPU
		{68138CED-12F4-4727-9248-C3D5E76E4CC9}.Debug|x86.Build.0 = Debug|Any CPU
		{68138CED-12F4-4727-9248-C3D5E76E4CC9}.Release|Any CPU.ActiveCfg = Release|Any CPU
		{68138CED-12F4-4727-9248-C3D5E76E4CC9}.Release|Any CPU.Build.0 = Release|Any CPU
		{68138CED-12F4-4727-9248-C3D5E76E4CC9}.Release|x64.ActiveCfg = Release|Any CPU
		{68138CED-12F4-4727-9248-C3D5E76E4CC9}.Release|x64.Build.0 = Release|Any CPU
		{68138CED-12F4-4727-9248-C3D5E76E4CC9}.Release|x86.ActiveCfg = Release|Any CPU
		{68138CED-12F4-4727-9248-C3D5E76E4CC9}.Release|x86.Build.0 = Release|Any CPU
	EndGlobalSection
	GlobalSection(SolutionProperties) = preSolution
		HideSolutionNode = FALSE
	EndGlobalSection
	GlobalSection(NestedProjects) = preSolution
		{78DC6AC0-2354-4CAF-B019-5A9D6325A028} = {827E0CD3-B72D-47B6-A68D-7590B98EB39B}
		{27C20951-79B8-4DFF-AA43-A429C71A8F75} = {827E0CD3-B72D-47B6-A68D-7590B98EB39B}
		{688E930D-7C75-436A-8DDB-0F8DC99E705E} = {827E0CD3-B72D-47B6-A68D-7590B98EB39B}
		{51EEE05D-4A1B-443D-AB10-C215FEE08F3B} = {827E0CD3-B72D-47B6-A68D-7590B98EB39B}
		{C89FD2F2-F5C8-4860-95AE-BA54F28BD4C6} = {827E0CD3-B72D-47B6-A68D-7590B98EB39B}
		{427765CE-FFBF-4A93-9783-255655E22614} = {827E0CD3-B72D-47B6-A68D-7590B98EB39B}
		{68138CED-12F4-4727-9248-C3D5E76E4CC9} = {0AB3BF05-4346-4AA6-1389-037BE0695223}
	EndGlobalSection
EndGlobal
